// !$*UTF8*$!
{
	archiveVersion = 1;
	classes = {
	};
	objectVersion = 56;
	objects = {

/* Begin PBXBuildFile section */
		8E014FE42AFA082200A2D1A0 /* ThreadsApp.swift in Sources */ = {isa = PBXBuildFile; fileRef = 8E014FE32AFA082200A2D1A0 /* ThreadsApp.swift */; };
		8E014FE62AFA082200A2D1A0 /* ContentView.swift in Sources */ = {isa = PBXBuildFile; fileRef = 8E014FE52AFA082200A2D1A0 /* ContentView.swift */; };
		8E014FE82AFA082400A2D1A0 /* Assets.xcassets in Resources */ = {isa = PBXBuildFile; fileRef = 8E014FE72AFA082400A2D1A0 /* Assets.xcassets */; };
		8E014FEB2AFA082400A2D1A0 /* Preview Assets.xcassets in Resources */ = {isa = PBXBuildFile; fileRef = 8E014FEA2AFA082400A2D1A0 /* Preview Assets.xcassets */; };
		8E014FFB2AFA0A7E00A2D1A0 /* LoginView.swift in Sources */ = {isa = PBXBuildFile; fileRef = 8E014FFA2AFA0A7E00A2D1A0 /* LoginView.swift */; };
		8E014FFF2AFA11B100A2D1A0 /* RegistrationView.swift in Sources */ = {isa = PBXBuildFile; fileRef = 8E014FFE2AFA11B100A2D1A0 /* RegistrationView.swift */; };
		8E0150022AFA150300A2D1A0 /* ThreadsTextFieldModifier.swift in Sources */ = {isa = PBXBuildFile; fileRef = 8E0150012AFA150300A2D1A0 /* ThreadsTextFieldModifier.swift */; };
		8E0150052AFA1A6100A2D1A0 /* ThreadsTabView.swift in Sources */ = {isa = PBXBuildFile; fileRef = 8E0150042AFA1A6100A2D1A0 /* ThreadsTabView.swift */; };
		8E0150072AFA1DB700A2D1A0 /* ProfileView.swift in Sources */ = {isa = PBXBuildFile; fileRef = 8E0150062AFA1DB700A2D1A0 /* ProfileView.swift */; };
		8E0150092AFA1DD900A2D1A0 /* ActivityView.swift in Sources */ = {isa = PBXBuildFile; fileRef = 8E0150082AFA1DD900A2D1A0 /* ActivityView.swift */; };
		8E01500B2AFA1DEF00A2D1A0 /* CreateThreadView.swift in Sources */ = {isa = PBXBuildFile; fileRef = 8E01500A2AFA1DEF00A2D1A0 /* CreateThreadView.swift */; };
		8E01500D2AFA1E1E00A2D1A0 /* ExploreView.swift in Sources */ = {isa = PBXBuildFile; fileRef = 8E01500C2AFA1E1E00A2D1A0 /* ExploreView.swift */; };
		8E0150142AFB5ABC00A2D1A0 /* FeeedView.swift in Sources */ = {isa = PBXBuildFile; fileRef = 8E0150132AFB5ABC00A2D1A0 /* FeeedView.swift */; };
		8E0150162AFB5BA900A2D1A0 /* ThreadCell.swift in Sources */ = {isa = PBXBuildFile; fileRef = 8E0150152AFB5BA900A2D1A0 /* ThreadCell.swift */; };
		8E01501B2AFB67CF00A2D1A0 /* CircularProfileImageView.swift in Sources */ = {isa = PBXBuildFile; fileRef = 8E01501A2AFB67CF00A2D1A0 /* CircularProfileImageView.swift */; };
		8E01501D2AFB683B00A2D1A0 /* UserCell.swift in Sources */ = {isa = PBXBuildFile; fileRef = 8E01501C2AFB683B00A2D1A0 /* UserCell.swift */; };
		8E0150222AFB6DFF00A2D1A0 /* ProfileThreadFilter.swift in Sources */ = {isa = PBXBuildFile; fileRef = 8E0150212AFB6DFF00A2D1A0 /* ProfileThreadFilter.swift */; };
		8E0150262AFC9BC800A2D1A0 /* EditProfileView.swift in Sources */ = {isa = PBXBuildFile; fileRef = 8E0150252AFC9BC800A2D1A0 /* EditProfileView.swift */; };
		8E01502D2AFCAE7D00A2D1A0 /* GoogleService-Info.plist in Resources */ = {isa = PBXBuildFile; fileRef = 8E01502C2AFCAE7D00A2D1A0 /* GoogleService-Info.plist */; };
		8E0150302AFCAF4300A2D1A0 /* FirebaseAnalytics in Frameworks */ = {isa = PBXBuildFile; productRef = 8E01502F2AFCAF4300A2D1A0 /* FirebaseAnalytics */; };
		8E0150322AFCAF4300A2D1A0 /* FirebaseAnalyticsOnDeviceConversion in Frameworks */ = {isa = PBXBuildFile; productRef = 8E0150312AFCAF4300A2D1A0 /* FirebaseAnalyticsOnDeviceConversion */; };
		8E0150342AFCAF4300A2D1A0 /* FirebaseAnalyticsSwift in Frameworks */ = {isa = PBXBuildFile; productRef = 8E0150332AFCAF4300A2D1A0 /* FirebaseAnalyticsSwift */; };
		8E0150362AFCAF4300A2D1A0 /* FirebaseAnalyticsWithoutAdIdSupport in Frameworks */ = {isa = PBXBuildFile; productRef = 8E0150352AFCAF4300A2D1A0 /* FirebaseAnalyticsWithoutAdIdSupport */; };
		8E0150382AFCAF4300A2D1A0 /* FirebaseAppCheck in Frameworks */ = {isa = PBXBuildFile; productRef = 8E0150372AFCAF4300A2D1A0 /* FirebaseAppCheck */; };
		8E01503A2AFCAF4300A2D1A0 /* FirebaseAppDistribution-Beta in Frameworks */ = {isa = PBXBuildFile; productRef = 8E0150392AFCAF4300A2D1A0 /* FirebaseAppDistribution-Beta */; };
		8E01503C2AFCAF4300A2D1A0 /* FirebaseAuth in Frameworks */ = {isa = PBXBuildFile; productRef = 8E01503B2AFCAF4300A2D1A0 /* FirebaseAuth */; };
		8E01503E2AFCAF4300A2D1A0 /* FirebaseAuthCombine-Community in Frameworks */ = {isa = PBXBuildFile; productRef = 8E01503D2AFCAF4300A2D1A0 /* FirebaseAuthCombine-Community */; };
		8E0150402AFCAF4300A2D1A0 /* FirebaseCrashlytics in Frameworks */ = {isa = PBXBuildFile; productRef = 8E01503F2AFCAF4300A2D1A0 /* FirebaseCrashlytics */; };
		8E0150422AFCAF4300A2D1A0 /* FirebaseDatabase in Frameworks */ = {isa = PBXBuildFile; productRef = 8E0150412AFCAF4300A2D1A0 /* FirebaseDatabase */; };
		8E0150442AFCAF4300A2D1A0 /* FirebaseDatabaseSwift in Frameworks */ = {isa = PBXBuildFile; productRef = 8E0150432AFCAF4300A2D1A0 /* FirebaseDatabaseSwift */; };
		8E0150462AFCAF4300A2D1A0 /* FirebaseDynamicLinks in Frameworks */ = {isa = PBXBuildFile; productRef = 8E0150452AFCAF4300A2D1A0 /* FirebaseDynamicLinks */; };
		8E0150482AFCAF4300A2D1A0 /* FirebaseFirestore in Frameworks */ = {isa = PBXBuildFile; productRef = 8E0150472AFCAF4300A2D1A0 /* FirebaseFirestore */; };
		8E01504A2AFCAF4300A2D1A0 /* FirebaseFirestoreCombine-Community in Frameworks */ = {isa = PBXBuildFile; productRef = 8E0150492AFCAF4300A2D1A0 /* FirebaseFirestoreCombine-Community */; };
		8E01504C2AFCAF4300A2D1A0 /* FirebaseFirestoreSwift in Frameworks */ = {isa = PBXBuildFile; productRef = 8E01504B2AFCAF4300A2D1A0 /* FirebaseFirestoreSwift */; };
		8E01504E2AFCAF4300A2D1A0 /* FirebaseFunctions in Frameworks */ = {isa = PBXBuildFile; productRef = 8E01504D2AFCAF4300A2D1A0 /* FirebaseFunctions */; };
		8E0150502AFCAF4300A2D1A0 /* FirebaseFunctionsCombine-Community in Frameworks */ = {isa = PBXBuildFile; productRef = 8E01504F2AFCAF4300A2D1A0 /* FirebaseFunctionsCombine-Community */; };
		8E0150522AFCAF4300A2D1A0 /* FirebaseInAppMessaging-Beta in Frameworks */ = {isa = PBXBuildFile; productRef = 8E0150512AFCAF4300A2D1A0 /* FirebaseInAppMessaging-Beta */; };
		8E0150542AFCAF4300A2D1A0 /* FirebaseInAppMessagingSwift-Beta in Frameworks */ = {isa = PBXBuildFile; productRef = 8E0150532AFCAF4300A2D1A0 /* FirebaseInAppMessagingSwift-Beta */; };
		8E0150562AFCAF4300A2D1A0 /* FirebaseInstallations in Frameworks */ = {isa = PBXBuildFile; productRef = 8E0150552AFCAF4300A2D1A0 /* FirebaseInstallations */; };
		8E0150582AFCAF4300A2D1A0 /* FirebaseMLModelDownloader in Frameworks */ = {isa = PBXBuildFile; productRef = 8E0150572AFCAF4300A2D1A0 /* FirebaseMLModelDownloader */; };
		8E01505A2AFCAF4300A2D1A0 /* FirebaseMessaging in Frameworks */ = {isa = PBXBuildFile; productRef = 8E0150592AFCAF4300A2D1A0 /* FirebaseMessaging */; };
		8E01505C2AFCAF4300A2D1A0 /* FirebasePerformance in Frameworks */ = {isa = PBXBuildFile; productRef = 8E01505B2AFCAF4300A2D1A0 /* FirebasePerformance */; };
		8E01505E2AFCAF4300A2D1A0 /* FirebaseRemoteConfig in Frameworks */ = {isa = PBXBuildFile; productRef = 8E01505D2AFCAF4300A2D1A0 /* FirebaseRemoteConfig */; };
		8E0150602AFCAF4300A2D1A0 /* FirebaseRemoteConfigSwift in Frameworks */ = {isa = PBXBuildFile; productRef = 8E01505F2AFCAF4300A2D1A0 /* FirebaseRemoteConfigSwift */; };
		8E0150622AFCAF4300A2D1A0 /* FirebaseStorage in Frameworks */ = {isa = PBXBuildFile; productRef = 8E0150612AFCAF4300A2D1A0 /* FirebaseStorage */; };
		8E0150642AFCAF4300A2D1A0 /* FirebaseStorageCombine-Community in Frameworks */ = {isa = PBXBuildFile; productRef = 8E0150632AFCAF4300A2D1A0 /* FirebaseStorageCombine-Community */; };
		8E0150682AFCB2E800A2D1A0 /* RegistrationViewModel.swift in Sources */ = {isa = PBXBuildFile; fileRef = 8E0150672AFCB2E800A2D1A0 /* RegistrationViewModel.swift */; };
		8E01506A2AFCB41A00A2D1A0 /* AuthService.swift in Sources */ = {isa = PBXBuildFile; fileRef = 8E0150692AFCB41A00A2D1A0 /* AuthService.swift */; };
		8E01506E2AFF584800A2D1A0 /* ContentViewModel.swift in Sources */ = {isa = PBXBuildFile; fileRef = 8E01506D2AFF584800A2D1A0 /* ContentViewModel.swift */; };
		8E0150702AFF5EAB00A2D1A0 /* LoginViewModel.swift in Sources */ = {isa = PBXBuildFile; fileRef = 8E01506F2AFF5EAB00A2D1A0 /* LoginViewModel.swift */; };
		8E0150722AFF61FA00A2D1A0 /* User.swift in Sources */ = {isa = PBXBuildFile; fileRef = 8E0150712AFF61FA00A2D1A0 /* User.swift */; };
		8E0150742AFF66BC00A2D1A0 /* UserService.swift in Sources */ = {isa = PBXBuildFile; fileRef = 8E0150732AFF66BC00A2D1A0 /* UserService.swift */; };
		8E0150772AFF680F00A2D1A0 /* ProfileViewModel.swift in Sources */ = {isa = PBXBuildFile; fileRef = 8E0150762AFF680F00A2D1A0 /* ProfileViewModel.swift */; };
/* End PBXBuildFile section */

/* Begin PBXFileReference section */
		8E014FE02AFA082200A2D1A0 /* Threads.app */ = {isa = PBXFileReference; explicitFileType = wrapper.application; includeInIndex = 0; path = Threads.app; sourceTree = BUILT_PRODUCTS_DIR; };
		8E014FE32AFA082200A2D1A0 /* ThreadsApp.swift */ = {isa = PBXFileReference; lastKnownFileType = sourcecode.swift; path = ThreadsApp.swift; sourceTree = "<group>"; };
		8E014FE52AFA082200A2D1A0 /* ContentView.swift */ = {isa = PBXFileReference; lastKnownFileType = sourcecode.swift; path = ContentView.swift; sourceTree = "<group>"; };
		8E014FE72AFA082400A2D1A0 /* Assets.xcassets */ = {isa = PBXFileReference; lastKnownFileType = folder.assetcatalog; path = Assets.xcassets; sourceTree = "<group>"; };
		8E014FEA2AFA082400A2D1A0 /* Preview Assets.xcassets */ = {isa = PBXFileReference; lastKnownFileType = folder.assetcatalog; path = "Preview Assets.xcassets"; sourceTree = "<group>"; };
		8E014FFA2AFA0A7E00A2D1A0 /* LoginView.swift */ = {isa = PBXFileReference; lastKnownFileType = sourcecode.swift; path = LoginView.swift; sourceTree = "<group>"; };
		8E014FFE2AFA11B100A2D1A0 /* RegistrationView.swift */ = {isa = PBXFileReference; lastKnownFileType = sourcecode.swift; path = RegistrationView.swift; sourceTree = "<group>"; };
		8E0150012AFA150300A2D1A0 /* ThreadsTextFieldModifier.swift */ = {isa = PBXFileReference; lastKnownFileType = sourcecode.swift; path = ThreadsTextFieldModifier.swift; sourceTree = "<group>"; };
		8E0150042AFA1A6100A2D1A0 /* ThreadsTabView.swift */ = {isa = PBXFileReference; lastKnownFileType = sourcecode.swift; path = ThreadsTabView.swift; sourceTree = "<group>"; };
		8E0150062AFA1DB700A2D1A0 /* ProfileView.swift */ = {isa = PBXFileReference; lastKnownFileType = sourcecode.swift; path = ProfileView.swift; sourceTree = "<group>"; };
		8E0150082AFA1DD900A2D1A0 /* ActivityView.swift */ = {isa = PBXFileReference; lastKnownFileType = sourcecode.swift; path = ActivityView.swift; sourceTree = "<group>"; };
		8E01500A2AFA1DEF00A2D1A0 /* CreateThreadView.swift */ = {isa = PBXFileReference; lastKnownFileType = sourcecode.swift; path = CreateThreadView.swift; sourceTree = "<group>"; };
		8E01500C2AFA1E1E00A2D1A0 /* ExploreView.swift */ = {isa = PBXFileReference; lastKnownFileType = sourcecode.swift; path = ExploreView.swift; sourceTree = "<group>"; };
		8E0150132AFB5ABC00A2D1A0 /* FeeedView.swift */ = {isa = PBXFileReference; lastKnownFileType = sourcecode.swift; path = FeeedView.swift; sourceTree = "<group>"; };
		8E0150152AFB5BA900A2D1A0 /* ThreadCell.swift */ = {isa = PBXFileReference; lastKnownFileType = sourcecode.swift; path = ThreadCell.swift; sourceTree = "<group>"; };
		8E01501A2AFB67CF00A2D1A0 /* CircularProfileImageView.swift */ = {isa = PBXFileReference; lastKnownFileType = sourcecode.swift; path = CircularProfileImageView.swift; sourceTree = "<group>"; };
		8E01501C2AFB683B00A2D1A0 /* UserCell.swift */ = {isa = PBXFileReference; lastKnownFileType = sourcecode.swift; path = UserCell.swift; sourceTree = "<group>"; };
		8E0150212AFB6DFF00A2D1A0 /* ProfileThreadFilter.swift */ = {isa = PBXFileReference; lastKnownFileType = sourcecode.swift; path = ProfileThreadFilter.swift; sourceTree = "<group>"; };
		8E0150252AFC9BC800A2D1A0 /* EditProfileView.swift */ = {isa = PBXFileReference; lastKnownFileType = sourcecode.swift; path = EditProfileView.swift; sourceTree = "<group>"; };
		8E01502C2AFCAE7D00A2D1A0 /* GoogleService-Info.plist */ = {isa = PBXFileReference; fileEncoding = 4; lastKnownFileType = text.plist.xml; path = "GoogleService-Info.plist"; sourceTree = "<group>"; };
		8E0150672AFCB2E800A2D1A0 /* RegistrationViewModel.swift */ = {isa = PBXFileReference; lastKnownFileType = sourcecode.swift; path = RegistrationViewModel.swift; sourceTree = "<group>"; };
		8E0150692AFCB41A00A2D1A0 /* AuthService.swift */ = {isa = PBXFileReference; lastKnownFileType = sourcecode.swift; path = AuthService.swift; sourceTree = "<group>"; };
		8E01506D2AFF584800A2D1A0 /* ContentViewModel.swift */ = {isa = PBXFileReference; lastKnownFileType = sourcecode.swift; path = ContentViewModel.swift; sourceTree = "<group>"; };
		8E01506F2AFF5EAB00A2D1A0 /* LoginViewModel.swift */ = {isa = PBXFileReference; lastKnownFileType = sourcecode.swift; path = LoginViewModel.swift; sourceTree = "<group>"; };
		8E0150712AFF61FA00A2D1A0 /* User.swift */ = {isa = PBXFileReference; lastKnownFileType = sourcecode.swift; path = User.swift; sourceTree = "<group>"; };
		8E0150732AFF66BC00A2D1A0 /* UserService.swift */ = {isa = PBXFileReference; lastKnownFileType = sourcecode.swift; path = UserService.swift; sourceTree = "<group>"; };
		8E0150762AFF680F00A2D1A0 /* ProfileViewModel.swift */ = {isa = PBXFileReference; lastKnownFileType = sourcecode.swift; path = ProfileViewModel.swift; sourceTree = "<group>"; };
/* End PBXFileReference section */

/* Begin PBXFrameworksBuildPhase section */
		8E014FDD2AFA082200A2D1A0 /* Frameworks */ = {
			isa = PBXFrameworksBuildPhase;
			buildActionMask = 2147483647;
			files = (
				8E0150422AFCAF4300A2D1A0 /* FirebaseDatabase in Frameworks */,
				8E0150502AFCAF4300A2D1A0 /* FirebaseFunctionsCombine-Community in Frameworks */,
				8E0150482AFCAF4300A2D1A0 /* FirebaseFirestore in Frameworks */,
				8E0150342AFCAF4300A2D1A0 /* FirebaseAnalyticsSwift in Frameworks */,
				8E0150302AFCAF4300A2D1A0 /* FirebaseAnalytics in Frameworks */,
				8E0150322AFCAF4300A2D1A0 /* FirebaseAnalyticsOnDeviceConversion in Frameworks */,
				8E0150582AFCAF4300A2D1A0 /* FirebaseMLModelDownloader in Frameworks */,
				8E01504C2AFCAF4300A2D1A0 /* FirebaseFirestoreSwift in Frameworks */,
				8E0150382AFCAF4300A2D1A0 /* FirebaseAppCheck in Frameworks */,
				8E0150362AFCAF4300A2D1A0 /* FirebaseAnalyticsWithoutAdIdSupport in Frameworks */,
				8E01503C2AFCAF4300A2D1A0 /* FirebaseAuth in Frameworks */,
				8E0150402AFCAF4300A2D1A0 /* FirebaseCrashlytics in Frameworks */,
				8E0150602AFCAF4300A2D1A0 /* FirebaseRemoteConfigSwift in Frameworks */,
				8E0150522AFCAF4300A2D1A0 /* FirebaseInAppMessaging-Beta in Frameworks */,
				8E0150442AFCAF4300A2D1A0 /* FirebaseDatabaseSwift in Frameworks */,
				8E01504E2AFCAF4300A2D1A0 /* FirebaseFunctions in Frameworks */,
				8E0150642AFCAF4300A2D1A0 /* FirebaseStorageCombine-Community in Frameworks */,
				8E01505E2AFCAF4300A2D1A0 /* FirebaseRemoteConfig in Frameworks */,
				8E01503A2AFCAF4300A2D1A0 /* FirebaseAppDistribution-Beta in Frameworks */,
				8E01503E2AFCAF4300A2D1A0 /* FirebaseAuthCombine-Community in Frameworks */,
				8E01505C2AFCAF4300A2D1A0 /* FirebasePerformance in Frameworks */,
				8E0150542AFCAF4300A2D1A0 /* FirebaseInAppMessagingSwift-Beta in Frameworks */,
				8E0150622AFCAF4300A2D1A0 /* FirebaseStorage in Frameworks */,
				8E0150462AFCAF4300A2D1A0 /* FirebaseDynamicLinks in Frameworks */,
				8E01504A2AFCAF4300A2D1A0 /* FirebaseFirestoreCombine-Community in Frameworks */,
				8E01505A2AFCAF4300A2D1A0 /* FirebaseMessaging in Frameworks */,
				8E0150562AFCAF4300A2D1A0 /* FirebaseInstallations in Frameworks */,
			);
			runOnlyForDeploymentPostprocessing = 0;
		};
/* End PBXFrameworksBuildPhase section */

/* Begin PBXGroup section */
		8E014FD72AFA082200A2D1A0 = {
			isa = PBXGroup;
			children = (
				8E014FE22AFA082200A2D1A0 /* Threads */,
				8E014FE12AFA082200A2D1A0 /* Products */,
			);
			sourceTree = "<group>";
		};
		8E014FE12AFA082200A2D1A0 /* Products */ = {
			isa = PBXGroup;
			children = (
				8E014FE02AFA082200A2D1A0 /* Threads.app */,
			);
			name = Products;
			sourceTree = "<group>";
		};
		8E014FE22AFA082200A2D1A0 /* Threads */ = {
			isa = PBXGroup;
			children = (
				8E014FF62AFA09C500A2D1A0 /* App */,
				8E014FF52AFA09C100A2D1A0 /* Core */,
				8E014FF42AFA09BF00A2D1A0 /* Extensions */,
				8E014FF32AFA09BD00A2D1A0 /* Model */,
				8E014FF22AFA09BA00A2D1A0 /* Services */,
				8E014FF12AFA09B800A2D1A0 /* Utils */,
				8E014FE72AFA082400A2D1A0 /* Assets.xcassets */,
				8E014FE92AFA082400A2D1A0 /* Preview Content */,
			);
			path = Threads;
			sourceTree = "<group>";
		};
		8E014FE92AFA082400A2D1A0 /* Preview Content */ = {
			isa = PBXGroup;
			children = (
				8E014FEA2AFA082400A2D1A0 /* Preview Assets.xcassets */,
			);
			path = "Preview Content";
			sourceTree = "<group>";
		};
		8E014FF12AFA09B800A2D1A0 /* Utils */ = {
			isa = PBXGroup;
			children = (
				8E01502C2AFCAE7D00A2D1A0 /* GoogleService-Info.plist */,
				8E0150002AFA14BC00A2D1A0 /* ViewModifiers */,
			);
			path = Utils;
			sourceTree = "<group>";
		};
		8E014FF22AFA09BA00A2D1A0 /* Services */ = {
			isa = PBXGroup;
			children = (
				8E0150732AFF66BC00A2D1A0 /* UserService.swift */,
			);
			path = Services;
			sourceTree = "<group>";
		};
		8E014FF32AFA09BD00A2D1A0 /* Model */ = {
			isa = PBXGroup;
			children = (
				8E0150712AFF61FA00A2D1A0 /* User.swift */,
			);
			path = Model;
			sourceTree = "<group>";
		};
		8E014FF42AFA09BF00A2D1A0 /* Extensions */ = {
			isa = PBXGroup;
			children = (
			);
			path = Extensions;
			sourceTree = "<group>";
		};
		8E014FF52AFA09C100A2D1A0 /* Core */ = {
			isa = PBXGroup;
			children = (
				8E0150192AFB678F00A2D1A0 /* Components */,
				8E01501E2AFB697800A2D1A0 /* Profile */,
				8E0150172AFB62BE00A2D1A0 /* Explore */,
				8E0150112AFB5A9800A2D1A0 /* Feed */,
				8E014FF82AFA0A2800A2D1A0 /* Authentication */,
				8E014FF72AFA0A2600A2D1A0 /* Root */,
				8E0150032AFA1A3400A2D1A0 /* TabBar */,
				8E0150272AFCA34400A2D1A0 /* ThreadCreation */,
			);
			path = Core;
			sourceTree = "<group>";
		};
		8E014FF62AFA09C500A2D1A0 /* App */ = {
			isa = PBXGroup;
			children = (
				8E014FE32AFA082200A2D1A0 /* ThreadsApp.swift */,
			);
			path = App;
			sourceTree = "<group>";
		};
		8E014FF72AFA0A2600A2D1A0 /* Root */ = {
			isa = PBXGroup;
			children = (
				8E01506C2AFF582000A2D1A0 /* View */,
				8E01506B2AFF581500A2D1A0 /* ViewModel */,
			);
			path = Root;
			sourceTree = "<group>";
		};
		8E014FF82AFA0A2800A2D1A0 /* Authentication */ = {
			isa = PBXGroup;
			children = (
				8E0150662AFCB2C300A2D1A0 /* Service */,
				8E014FF92AFA0A6500A2D1A0 /* Views */,
				8E0150652AFCB2B300A2D1A0 /* ViewModel */,
			);
			path = Authentication;
			sourceTree = "<group>";
		};
		8E014FF92AFA0A6500A2D1A0 /* Views */ = {
			isa = PBXGroup;
			children = (
				8E014FFA2AFA0A7E00A2D1A0 /* LoginView.swift */,
				8E014FFE2AFA11B100A2D1A0 /* RegistrationView.swift */,
			);
			path = Views;
			sourceTree = "<group>";
		};
		8E0150002AFA14BC00A2D1A0 /* ViewModifiers */ = {
			isa = PBXGroup;
			children = (
				8E0150012AFA150300A2D1A0 /* ThreadsTextFieldModifier.swift */,
			);
			path = ViewModifiers;
			sourceTree = "<group>";
		};
		8E0150032AFA1A3400A2D1A0 /* TabBar */ = {
			isa = PBXGroup;
			children = (
				8E0150042AFA1A6100A2D1A0 /* ThreadsTabView.swift */,
				8E0150082AFA1DD900A2D1A0 /* ActivityView.swift */,
			);
			path = TabBar;
			sourceTree = "<group>";
		};
		8E0150112AFB5A9800A2D1A0 /* Feed */ = {
			isa = PBXGroup;
			children = (
				8E0150122AFB5AA700A2D1A0 /* View */,
			);
			path = Feed;
			sourceTree = "<group>";
		};
		8E0150122AFB5AA700A2D1A0 /* View */ = {
			isa = PBXGroup;
			children = (
				8E0150132AFB5ABC00A2D1A0 /* FeeedView.swift */,
				8E0150152AFB5BA900A2D1A0 /* ThreadCell.swift */,
			);
			path = View;
			sourceTree = "<group>";
		};
		8E0150172AFB62BE00A2D1A0 /* Explore */ = {
			isa = PBXGroup;
			children = (
				8E1015162B039DF300E67026 /* ViewModel */,
				8E0150182AFB62E400A2D1A0 /* View */,
			);
			path = Explore;
			sourceTree = "<group>";
		};
		8E0150182AFB62E400A2D1A0 /* View */ = {
			isa = PBXGroup;
			children = (
				8E01500C2AFA1E1E00A2D1A0 /* ExploreView.swift */,
			);
			path = View;
			sourceTree = "<group>";
		};
		8E0150192AFB678F00A2D1A0 /* Components */ = {
			isa = PBXGroup;
			children = (
				8E01501A2AFB67CF00A2D1A0 /* CircularProfileImageView.swift */,
				8E01501C2AFB683B00A2D1A0 /* UserCell.swift */,
			);
			path = Components;
			sourceTree = "<group>";
		};
		8E01501E2AFB697800A2D1A0 /* Profile */ = {
			isa = PBXGroup;
			children = (
				8E0150752AFF67FE00A2D1A0 /* ViewModel */,
				8E0150232AFC9B9500A2D1A0 /* EditProfile */,
				8E0150202AFB6DE600A2D1A0 /* Model */,
				8E01501F2AFB698B00A2D1A0 /* View */,
			);
			path = Profile;
			sourceTree = "<group>";
		};
		8E01501F2AFB698B00A2D1A0 /* View */ = {
			isa = PBXGroup;
			children = (
				8E0150062AFA1DB700A2D1A0 /* ProfileView.swift */,
			);
			path = View;
			sourceTree = "<group>";
		};
		8E0150202AFB6DE600A2D1A0 /* Model */ = {
			isa = PBXGroup;
			children = (
				8E0150212AFB6DFF00A2D1A0 /* ProfileThreadFilter.swift */,
			);
			path = Model;
			sourceTree = "<group>";
		};
		8E0150232AFC9B9500A2D1A0 /* EditProfile */ = {
			isa = PBXGroup;
			children = (
				8E0150242AFC9BB000A2D1A0 /* View */,
			);
			path = EditProfile;
			sourceTree = "<group>";
		};
		8E0150242AFC9BB000A2D1A0 /* View */ = {
			isa = PBXGroup;
			children = (
				8E0150252AFC9BC800A2D1A0 /* EditProfileView.swift */,
			);
			path = View;
			sourceTree = "<group>";
		};
		8E0150272AFCA34400A2D1A0 /* ThreadCreation */ = {
			isa = PBXGroup;
			children = (
				8E0150282AFCA36B00A2D1A0 /* View */,
			);
			path = ThreadCreation;
			sourceTree = "<group>";
		};
		8E0150282AFCA36B00A2D1A0 /* View */ = {
			isa = PBXGroup;
			children = (
				8E01500A2AFA1DEF00A2D1A0 /* CreateThreadView.swift */,
			);
			path = View;
			sourceTree = "<group>";
		};
		8E0150652AFCB2B300A2D1A0 /* ViewModel */ = {
			isa = PBXGroup;
			children = (
				8E0150672AFCB2E800A2D1A0 /* RegistrationViewModel.swift */,
				8E01506F2AFF5EAB00A2D1A0 /* LoginViewModel.swift */,
			);
			path = ViewModel;
			sourceTree = "<group>";
		};
		8E0150662AFCB2C300A2D1A0 /* Service */ = {
			isa = PBXGroup;
			children = (
				8E0150692AFCB41A00A2D1A0 /* AuthService.swift */,
			);
			path = Service;
			sourceTree = "<group>";
		};
		8E01506B2AFF581500A2D1A0 /* ViewModel */ = {
			isa = PBXGroup;
			children = (
				8E01506D2AFF584800A2D1A0 /* ContentViewModel.swift */,
			);
			path = ViewModel;
			sourceTree = "<group>";
		};
		8E01506C2AFF582000A2D1A0 /* View */ = {
			isa = PBXGroup;
			children = (
				8E014FE52AFA082200A2D1A0 /* ContentView.swift */,
			);
			path = View;
			sourceTree = "<group>";
		};
		8E0150752AFF67FE00A2D1A0 /* ViewModel */ = {
			isa = PBXGroup;
			children = (
				8E0150762AFF680F00A2D1A0 /* ProfileViewModel.swift */,
			);
			path = ViewModel;
			sourceTree = "<group>";
		};
		8E1015162B039DF300E67026 /* ViewModel */ = {
			isa = PBXGroup;
			children = (
			);
			path = ViewModel;
			sourceTree = "<group>";
		};
/* End PBXGroup section */

/* Begin PBXNativeTarget section */
		8E014FDF2AFA082200A2D1A0 /* Threads */ = {
			isa = PBXNativeTarget;
			buildConfigurationList = 8E014FEE2AFA082400A2D1A0 /* Build configuration list for PBXNativeTarget "Threads" */;
			buildPhases = (
				8E014FDC2AFA082200A2D1A0 /* Sources */,
				8E014FDD2AFA082200A2D1A0 /* Frameworks */,
				8E014FDE2AFA082200A2D1A0 /* Resources */,
			);
			buildRules = (
			);
			dependencies = (
			);
			name = Threads;
			packageProductDependencies = (
				8E01502F2AFCAF4300A2D1A0 /* FirebaseAnalytics */,
				8E0150312AFCAF4300A2D1A0 /* FirebaseAnalyticsOnDeviceConversion */,
				8E0150332AFCAF4300A2D1A0 /* FirebaseAnalyticsSwift */,
				8E0150352AFCAF4300A2D1A0 /* FirebaseAnalyticsWithoutAdIdSupport */,
				8E0150372AFCAF4300A2D1A0 /* FirebaseAppCheck */,
				8E0150392AFCAF4300A2D1A0 /* FirebaseAppDistribution-Beta */,
				8E01503B2AFCAF4300A2D1A0 /* FirebaseAuth */,
				8E01503D2AFCAF4300A2D1A0 /* FirebaseAuthCombine-Community */,
				8E01503F2AFCAF4300A2D1A0 /* FirebaseCrashlytics */,
				8E0150412AFCAF4300A2D1A0 /* FirebaseDatabase */,
				8E0150432AFCAF4300A2D1A0 /* FirebaseDatabaseSwift */,
				8E0150452AFCAF4300A2D1A0 /* FirebaseDynamicLinks */,
				8E0150472AFCAF4300A2D1A0 /* FirebaseFirestore */,
				8E0150492AFCAF4300A2D1A0 /* FirebaseFirestoreCombine-Community */,
				8E01504B2AFCAF4300A2D1A0 /* FirebaseFirestoreSwift */,
				8E01504D2AFCAF4300A2D1A0 /* FirebaseFunctions */,
				8E01504F2AFCAF4300A2D1A0 /* FirebaseFunctionsCombine-Community */,
				8E0150512AFCAF4300A2D1A0 /* FirebaseInAppMessaging-Beta */,
				8E0150532AFCAF4300A2D1A0 /* FirebaseInAppMessagingSwift-Beta */,
				8E0150552AFCAF4300A2D1A0 /* FirebaseInstallations */,
				8E0150572AFCAF4300A2D1A0 /* FirebaseMLModelDownloader */,
				8E0150592AFCAF4300A2D1A0 /* FirebaseMessaging */,
				8E01505B2AFCAF4300A2D1A0 /* FirebasePerformance */,
				8E01505D2AFCAF4300A2D1A0 /* FirebaseRemoteConfig */,
				8E01505F2AFCAF4300A2D1A0 /* FirebaseRemoteConfigSwift */,
				8E0150612AFCAF4300A2D1A0 /* FirebaseStorage */,
				8E0150632AFCAF4300A2D1A0 /* FirebaseStorageCombine-Community */,
			);
			productName = Threads;
			productReference = 8E014FE02AFA082200A2D1A0 /* Threads.app */;
			productType = "com.apple.product-type.application";
		};
/* End PBXNativeTarget section */

/* Begin PBXProject section */
		8E014FD82AFA082200A2D1A0 /* Project object */ = {
			isa = PBXProject;
			attributes = {
				BuildIndependentTargetsInParallel = 1;
				LastSwiftUpdateCheck = 1500;
				LastUpgradeCheck = 1500;
				TargetAttributes = {
					8E014FDF2AFA082200A2D1A0 = {
						CreatedOnToolsVersion = 15.0;
					};
				};
			};
			buildConfigurationList = 8E014FDB2AFA082200A2D1A0 /* Build configuration list for PBXProject "Threads" */;
			compatibilityVersion = "Xcode 14.0";
			developmentRegion = en;
			hasScannedForEncodings = 0;
			knownRegions = (
				en,
				Base,
			);
			mainGroup = 8E014FD72AFA082200A2D1A0;
			packageReferences = (
				8E01502E2AFCAF4300A2D1A0 /* XCRemoteSwiftPackageReference "firebase-ios-sdk" */,
			);
			productRefGroup = 8E014FE12AFA082200A2D1A0 /* Products */;
			projectDirPath = "";
			projectRoot = "";
			targets = (
				8E014FDF2AFA082200A2D1A0 /* Threads */,
			);
		};
/* End PBXProject section */

/* Begin PBXResourcesBuildPhase section */
		8E014FDE2AFA082200A2D1A0 /* Resources */ = {
			isa = PBXResourcesBuildPhase;
			buildActionMask = 2147483647;
			files = (
				8E014FEB2AFA082400A2D1A0 /* Preview Assets.xcassets in Resources */,
				8E014FE82AFA082400A2D1A0 /* Assets.xcassets in Resources */,
				8E01502D2AFCAE7D00A2D1A0 /* GoogleService-Info.plist in Resources */,
			);
			runOnlyForDeploymentPostprocessing = 0;
		};
/* End PBXResourcesBuildPhase section */

/* Begin PBXSourcesBuildPhase section */
		8E014FDC2AFA082200A2D1A0 /* Sources */ = {
			isa = PBXSourcesBuildPhase;
			buildActionMask = 2147483647;
			files = (
				8E014FFB2AFA0A7E00A2D1A0 /* LoginView.swift in Sources */,
				8E0150682AFCB2E800A2D1A0 /* RegistrationViewModel.swift in Sources */,
				8E0150262AFC9BC800A2D1A0 /* EditProfileView.swift in Sources */,
				8E01506A2AFCB41A00A2D1A0 /* AuthService.swift in Sources */,
				8E014FE62AFA082200A2D1A0 /* ContentView.swift in Sources */,
				8E0150052AFA1A6100A2D1A0 /* ThreadsTabView.swift in Sources */,
				8E0150742AFF66BC00A2D1A0 /* UserService.swift in Sources */,
				8E0150222AFB6DFF00A2D1A0 /* ProfileThreadFilter.swift in Sources */,
				8E01500B2AFA1DEF00A2D1A0 /* CreateThreadView.swift in Sources */,
				8E0150702AFF5EAB00A2D1A0 /* LoginViewModel.swift in Sources */,
				8E0150142AFB5ABC00A2D1A0 /* FeeedView.swift in Sources */,
				8E01500D2AFA1E1E00A2D1A0 /* ExploreView.swift in Sources */,
				8E0150022AFA150300A2D1A0 /* ThreadsTextFieldModifier.swift in Sources */,
				8E01501B2AFB67CF00A2D1A0 /* CircularProfileImageView.swift in Sources */,
				8E01506E2AFF584800A2D1A0 /* ContentViewModel.swift in Sources */,
				8E0150772AFF680F00A2D1A0 /* ProfileViewModel.swift in Sources */,
				8E01501D2AFB683B00A2D1A0 /* UserCell.swift in Sources */,
				8E0150162AFB5BA900A2D1A0 /* ThreadCell.swift in Sources */,
				8E014FE42AFA082200A2D1A0 /* ThreadsApp.swift in Sources */,
				8E0150092AFA1DD900A2D1A0 /* ActivityView.swift in Sources */,
				8E014FFF2AFA11B100A2D1A0 /* RegistrationView.swift in Sources */,
				8E0150072AFA1DB700A2D1A0 /* ProfileView.swift in Sources */,
				8E0150722AFF61FA00A2D1A0 /* User.swift in Sources */,
			);
			runOnlyForDeploymentPostprocessing = 0;
		};
/* End PBXSourcesBuildPhase section */

/* Begin XCBuildConfiguration section */
		8E014FEC2AFA082400A2D1A0 /* Debug */ = {
			isa = XCBuildConfiguration;
			buildSettings = {
				ALWAYS_SEARCH_USER_PATHS = NO;
				ASSETCATALOG_COMPILER_GENERATE_SWIFT_ASSET_SYMBOL_EXTENSIONS = YES;
				CLANG_ANALYZER_NONNULL = YES;
				CLANG_ANALYZER_NUMBER_OBJECT_CONVERSION = YES_AGGRESSIVE;
				CLANG_CXX_LANGUAGE_STANDARD = "gnu++20";
				CLANG_ENABLE_MODULES = YES;
				CLANG_ENABLE_OBJC_ARC = YES;
				CLANG_ENABLE_OBJC_WEAK = YES;
				CLANG_WARN_BLOCK_CAPTURE_AUTORELEASING = YES;
				CLANG_WARN_BOOL_CONVERSION = YES;
				CLANG_WARN_COMMA = YES;
				CLANG_WARN_CONSTANT_CONVERSION = YES;
				CLANG_WARN_DEPRECATED_OBJC_IMPLEMENTATIONS = YES;
				CLANG_WARN_DIRECT_OBJC_ISA_USAGE = YES_ERROR;
				CLANG_WARN_DOCUMENTATION_COMMENTS = YES;
				CLANG_WARN_EMPTY_BODY = YES;
				CLANG_WARN_ENUM_CONVERSION = YES;
				CLANG_WARN_INFINITE_RECURSION = YES;
				CLANG_WARN_INT_CONVERSION = YES;
				CLANG_WARN_NON_LITERAL_NULL_CONVERSION = YES;
				CLANG_WARN_OBJC_IMPLICIT_RETAIN_SELF = YES;
				CLANG_WARN_OBJC_LITERAL_CONVERSION = YES;
				CLANG_WARN_OBJC_ROOT_CLASS = YES_ERROR;
				CLANG_WARN_QUOTED_INCLUDE_IN_FRAMEWORK_HEADER = YES;
				CLANG_WARN_RANGE_LOOP_ANALYSIS = YES;
				CLANG_WARN_STRICT_PROTOTYPES = YES;
				CLANG_WARN_SUSPICIOUS_MOVE = YES;
				CLANG_WARN_UNGUARDED_AVAILABILITY = YES_AGGRESSIVE;
				CLANG_WARN_UNREACHABLE_CODE = YES;
				CLANG_WARN__DUPLICATE_METHOD_MATCH = YES;
				COPY_PHASE_STRIP = NO;
				DEBUG_INFORMATION_FORMAT = dwarf;
				ENABLE_STRICT_OBJC_MSGSEND = YES;
				ENABLE_TESTABILITY = YES;
				ENABLE_USER_SCRIPT_SANDBOXING = YES;
				GCC_C_LANGUAGE_STANDARD = gnu17;
				GCC_DYNAMIC_NO_PIC = NO;
				GCC_NO_COMMON_BLOCKS = YES;
				GCC_OPTIMIZATION_LEVEL = 0;
				GCC_PREPROCESSOR_DEFINITIONS = (
					"DEBUG=1",
					"$(inherited)",
				);
				GCC_WARN_64_TO_32_BIT_CONVERSION = YES;
				GCC_WARN_ABOUT_RETURN_TYPE = YES_ERROR;
				GCC_WARN_UNDECLARED_SELECTOR = YES;
				GCC_WARN_UNINITIALIZED_AUTOS = YES_AGGRESSIVE;
				GCC_WARN_UNUSED_FUNCTION = YES;
				GCC_WARN_UNUSED_VARIABLE = YES;
				IPHONEOS_DEPLOYMENT_TARGET = 17.0;
				LOCALIZATION_PREFERS_STRING_CATALOGS = YES;
				MTL_ENABLE_DEBUG_INFO = INCLUDE_SOURCE;
				MTL_FAST_MATH = YES;
				ONLY_ACTIVE_ARCH = YES;
				SDKROOT = iphoneos;
				SWIFT_ACTIVE_COMPILATION_CONDITIONS = "DEBUG $(inherited)";
				SWIFT_OPTIMIZATION_LEVEL = "-Onone";
			};
			name = Debug;
		};
		8E014FED2AFA082400A2D1A0 /* Release */ = {
			isa = XCBuildConfiguration;
			buildSettings = {
				ALWAYS_SEARCH_USER_PATHS = NO;
				ASSETCATALOG_COMPILER_GENERATE_SWIFT_ASSET_SYMBOL_EXTENSIONS = YES;
				CLANG_ANALYZER_NONNULL = YES;
				CLANG_ANALYZER_NUMBER_OBJECT_CONVERSION = YES_AGGRESSIVE;
				CLANG_CXX_LANGUAGE_STANDARD = "gnu++20";
				CLANG_ENABLE_MODULES = YES;
				CLANG_ENABLE_OBJC_ARC = YES;
				CLANG_ENABLE_OBJC_WEAK = YES;
				CLANG_WARN_BLOCK_CAPTURE_AUTORELEASING = YES;
				CLANG_WARN_BOOL_CONVERSION = YES;
				CLANG_WARN_COMMA = YES;
				CLANG_WARN_CONSTANT_CONVERSION = YES;
				CLANG_WARN_DEPRECATED_OBJC_IMPLEMENTATIONS = YES;
				CLANG_WARN_DIRECT_OBJC_ISA_USAGE = YES_ERROR;
				CLANG_WARN_DOCUMENTATION_COMMENTS = YES;
				CLANG_WARN_EMPTY_BODY = YES;
				CLANG_WARN_ENUM_CONVERSION = YES;
				CLANG_WARN_INFINITE_RECURSION = YES;
				CLANG_WARN_INT_CONVERSION = YES;
				CLANG_WARN_NON_LITERAL_NULL_CONVERSION = YES;
				CLANG_WARN_OBJC_IMPLICIT_RETAIN_SELF = YES;
				CLANG_WARN_OBJC_LITERAL_CONVERSION = YES;
				CLANG_WARN_OBJC_ROOT_CLASS = YES_ERROR;
				CLANG_WARN_QUOTED_INCLUDE_IN_FRAMEWORK_HEADER = YES;
				CLANG_WARN_RANGE_LOOP_ANALYSIS = YES;
				CLANG_WARN_STRICT_PROTOTYPES = YES;
				CLANG_WARN_SUSPICIOUS_MOVE = YES;
				CLANG_WARN_UNGUARDED_AVAILABILITY = YES_AGGRESSIVE;
				CLANG_WARN_UNREACHABLE_CODE = YES;
				CLANG_WARN__DUPLICATE_METHOD_MATCH = YES;
				COPY_PHASE_STRIP = NO;
				DEBUG_INFORMATION_FORMAT = "dwarf-with-dsym";
				ENABLE_NS_ASSERTIONS = NO;
				ENABLE_STRICT_OBJC_MSGSEND = YES;
				ENABLE_USER_SCRIPT_SANDBOXING = YES;
				GCC_C_LANGUAGE_STANDARD = gnu17;
				GCC_NO_COMMON_BLOCKS = YES;
				GCC_WARN_64_TO_32_BIT_CONVERSION = YES;
				GCC_WARN_ABOUT_RETURN_TYPE = YES_ERROR;
				GCC_WARN_UNDECLARED_SELECTOR = YES;
				GCC_WARN_UNINITIALIZED_AUTOS = YES_AGGRESSIVE;
				GCC_WARN_UNUSED_FUNCTION = YES;
				GCC_WARN_UNUSED_VARIABLE = YES;
				IPHONEOS_DEPLOYMENT_TARGET = 17.0;
				LOCALIZATION_PREFERS_STRING_CATALOGS = YES;
				MTL_ENABLE_DEBUG_INFO = NO;
				MTL_FAST_MATH = YES;
				SDKROOT = iphoneos;
				SWIFT_COMPILATION_MODE = wholemodule;
				VALIDATE_PRODUCT = YES;
			};
			name = Release;
		};
		8E014FEF2AFA082400A2D1A0 /* Debug */ = {
			isa = XCBuildConfiguration;
			buildSettings = {
				ASSETCATALOG_COMPILER_APPICON_NAME = AppIcon;
				ASSETCATALOG_COMPILER_GLOBAL_ACCENT_COLOR_NAME = AccentColor;
				CODE_SIGN_STYLE = Automatic;
				CURRENT_PROJECT_VERSION = 1;
				DEVELOPMENT_ASSET_PATHS = "\"Threads/Preview Content\"";
				DEVELOPMENT_TEAM = TJMSZ6N757;
				ENABLE_PREVIEWS = YES;
				GENERATE_INFOPLIST_FILE = YES;
				INFOPLIST_KEY_UIApplicationSceneManifest_Generation = YES;
				INFOPLIST_KEY_UIApplicationSupportsIndirectInputEvents = YES;
				INFOPLIST_KEY_UILaunchScreen_Generation = YES;
				INFOPLIST_KEY_UISupportedInterfaceOrientations_iPad = "UIInterfaceOrientationPortrait UIInterfaceOrientationPortraitUpsideDown UIInterfaceOrientationLandscapeLeft UIInterfaceOrientationLandscapeRight";
				INFOPLIST_KEY_UISupportedInterfaceOrientations_iPhone = "UIInterfaceOrientationPortrait UIInterfaceOrientationLandscapeLeft UIInterfaceOrientationLandscapeRight";
				IPHONEOS_DEPLOYMENT_TARGET = 16.4;
				LD_RUNPATH_SEARCH_PATHS = (
					"$(inherited)",
					"@executable_path/Frameworks",
				);
				MARKETING_VERSION = 1.0;
				PRODUCT_BUNDLE_IDENTIFIER = com.appbrewery.Threads;
				PRODUCT_NAME = "$(TARGET_NAME)";
				SWIFT_EMIT_LOC_STRINGS = YES;
				SWIFT_VERSION = 5.0;
				TARGETED_DEVICE_FAMILY = "1,2";
			};
			name = Debug;
		};
		8E014FF02AFA082400A2D1A0 /* Release */ = {
			isa = XCBuildConfiguration;
			buildSettings = {
				ASSETCATALOG_COMPILER_APPICON_NAME = AppIcon;
				ASSETCATALOG_COMPILER_GLOBAL_ACCENT_COLOR_NAME = AccentColor;
				CODE_SIGN_STYLE = Automatic;
				CURRENT_PROJECT_VERSION = 1;
				DEVELOPMENT_ASSET_PATHS = "\"Threads/Preview Content\"";
				DEVELOPMENT_TEAM = TJMSZ6N757;
				ENABLE_PREVIEWS = YES;
				GENERATE_INFOPLIST_FILE = YES;
				INFOPLIST_KEY_UIApplicationSceneManifest_Generation = YES;
				INFOPLIST_KEY_UIApplicationSupportsIndirectInputEvents = YES;
				INFOPLIST_KEY_UILaunchScreen_Generation = YES;
				INFOPLIST_KEY_UISupportedInterfaceOrientations_iPad = "UIInterfaceOrientationPortrait UIInterfaceOrientationPortraitUpsideDown UIInterfaceOrientationLandscapeLeft UIInterfaceOrientationLandscapeRight";
				INFOPLIST_KEY_UISupportedInterfaceOrientations_iPhone = "UIInterfaceOrientationPortrait UIInterfaceOrientationLandscapeLeft UIInterfaceOrientationLandscapeRight";
				IPHONEOS_DEPLOYMENT_TARGET = 16.4;
				LD_RUNPATH_SEARCH_PATHS = (
					"$(inherited)",
					"@executable_path/Frameworks",
				);
				MARKETING_VERSION = 1.0;
				PRODUCT_BUNDLE_IDENTIFIER = com.appbrewery.Threads;
				PRODUCT_NAME = "$(TARGET_NAME)";
				SWIFT_EMIT_LOC_STRINGS = YES;
				SWIFT_VERSION = 5.0;
				TARGETED_DEVICE_FAMILY = "1,2";
			};
			name = Release;
		};
/* End XCBuildConfiguration section */

/* Begin XCConfigurationList section */
		8E014FDB2AFA082200A2D1A0 /* Build configuration list for PBXProject "Threads" */ = {
			isa = XCConfigurationList;
			buildConfigurations = (
				8E014FEC2AFA082400A2D1A0 /* Debug */,
				8E014FED2AFA082400A2D1A0 /* Release */,
			);
			defaultConfigurationIsVisible = 0;
			defaultConfigurationName = Release;
		};
		8E014FEE2AFA082400A2D1A0 /* Build configuration list for PBXNativeTarget "Threads" */ = {
			isa = XCConfigurationList;
			buildConfigurations = (
				8E014FEF2AFA082400A2D1A0 /* Debug */,
				8E014FF02AFA082400A2D1A0 /* Release */,
			);
			defaultConfigurationIsVisible = 0;
			defaultConfigurationName = Release;
		};
/* End XCConfigurationList section */

/* Begin XCRemoteSwiftPackageReference section */
		8E01502E2AFCAF4300A2D1A0 /* XCRemoteSwiftPackageReference "firebase-ios-sdk" */ = {
			isa = XCRemoteSwiftPackageReference;
			repositoryURL = "https://github.com/firebase/firebase-ios-sdk.git";
			requirement = {
				kind = upToNextMajorVersion;
				minimumVersion = 10.17.0;
			};
		};
/* End XCRemoteSwiftPackageReference section */

/* Begin XCSwiftPackageProductDependency section */
		8E01502F2AFCAF4300A2D1A0 /* FirebaseAnalytics */ = {
			isa = XCSwiftPackageProductDependency;
			package = 8E01502E2AFCAF4300A2D1A0 /* XCRemoteSwiftPackageReference "firebase-ios-sdk" */;
			productName = FirebaseAnalytics;
		};
		8E0150312AFCAF4300A2D1A0 /* FirebaseAnalyticsOnDeviceConversion */ = {
			isa = XCSwiftPackageProductDependency;
			package = 8E01502E2AFCAF4300A2D1A0 /* XCRemoteSwiftPackageReference "firebase-ios-sdk" */;
			productName = FirebaseAnalyticsOnDeviceConversion;
		};
		8E0150332AFCAF4300A2D1A0 /* FirebaseAnalyticsSwift */ = {
			isa = XCSwiftPackageProductDependency;
			package = 8E01502E2AFCAF4300A2D1A0 /* XCRemoteSwiftPackageReference "firebase-ios-sdk" */;
			productName = FirebaseAnalyticsSwift;
		};
		8E0150352AFCAF4300A2D1A0 /* FirebaseAnalyticsWithoutAdIdSupport */ = {
			isa = XCSwiftPackageProductDependency;
			package = 8E01502E2AFCAF4300A2D1A0 /* XCRemoteSwiftPackageReference "firebase-ios-sdk" */;
			productName = FirebaseAnalyticsWithoutAdIdSupport;
		};
		8E0150372AFCAF4300A2D1A0 /* FirebaseAppCheck */ = {
			isa = XCSwiftPackageProductDependency;
			package = 8E01502E2AFCAF4300A2D1A0 /* XCRemoteSwiftPackageReference "firebase-ios-sdk" */;
			productName = FirebaseAppCheck;
		};
		8E0150392AFCAF4300A2D1A0 /* FirebaseAppDistribution-Beta */ = {
			isa = XCSwiftPackageProductDependency;
			package = 8E01502E2AFCAF4300A2D1A0 /* XCRemoteSwiftPackageReference "firebase-ios-sdk" */;
			productName = "FirebaseAppDistribution-Beta";
		};
		8E01503B2AFCAF4300A2D1A0 /* FirebaseAuth */ = {
			isa = XCSwiftPackageProductDependency;
			package = 8E01502E2AFCAF4300A2D1A0 /* XCRemoteSwiftPackageReference "firebase-ios-sdk" */;
			productName = FirebaseAuth;
		};
		8E01503D2AFCAF4300A2D1A0 /* FirebaseAuthCombine-Community */ = {
			isa = XCSwiftPackageProductDependency;
			package = 8E01502E2AFCAF4300A2D1A0 /* XCRemoteSwiftPackageReference "firebase-ios-sdk" */;
			productName = "FirebaseAuthCombine-Community";
		};
		8E01503F2AFCAF4300A2D1A0 /* FirebaseCrashlytics */ = {
			isa = XCSwiftPackageProductDependency;
			package = 8E01502E2AFCAF4300A2D1A0 /* XCRemoteSwiftPackageReference "firebase-ios-sdk" */;
			productName = FirebaseCrashlytics;
		};
		8E0150412AFCAF4300A2D1A0 /* FirebaseDatabase */ = {
			isa = XCSwiftPackageProductDependency;
			package = 8E01502E2AFCAF4300A2D1A0 /* XCRemoteSwiftPackageReference "firebase-ios-sdk" */;
			productName = FirebaseDatabase;
		};
		8E0150432AFCAF4300A2D1A0 /* FirebaseDatabaseSwift */ = {
			isa = XCSwiftPackageProductDependency;
			package = 8E01502E2AFCAF4300A2D1A0 /* XCRemoteSwiftPackageReference "firebase-ios-sdk" */;
			productName = FirebaseDatabaseSwift;
		};
		8E0150452AFCAF4300A2D1A0 /* FirebaseDynamicLinks */ = {
			isa = XCSwiftPackageProductDependency;
			package = 8E01502E2AFCAF4300A2D1A0 /* XCRemoteSwiftPackageReference "firebase-ios-sdk" */;
			productName = FirebaseDynamicLinks;
		};
		8E0150472AFCAF4300A2D1A0 /* FirebaseFirestore */ = {
			isa = XCSwiftPackageProductDependency;
			package = 8E01502E2AFCAF4300A2D1A0 /* XCRemoteSwiftPackageReference "firebase-ios-sdk" */;
			productName = FirebaseFirestore;
		};
		8E0150492AFCAF4300A2D1A0 /* FirebaseFirestoreCombine-Community */ = {
			isa = XCSwiftPackageProductDependency;
			package = 8E01502E2AFCAF4300A2D1A0 /* XCRemoteSwiftPackageReference "firebase-ios-sdk" */;
			productName = "FirebaseFirestoreCombine-Community";
		};
		8E01504B2AFCAF4300A2D1A0 /* FirebaseFirestoreSwift */ = {
			isa = XCSwiftPackageProductDependency;
			package = 8E01502E2AFCAF4300A2D1A0 /* XCRemoteSwiftPackageReference "firebase-ios-sdk" */;
			productName = FirebaseFirestoreSwift;
		};
		8E01504D2AFCAF4300A2D1A0 /* FirebaseFunctions */ = {
			isa = XCSwiftPackageProductDependency;
			package = 8E01502E2AFCAF4300A2D1A0 /* XCRemoteSwiftPackageReference "firebase-ios-sdk" */;
			productName = FirebaseFunctions;
		};
		8E01504F2AFCAF4300A2D1A0 /* FirebaseFunctionsCombine-Community */ = {
			isa = XCSwiftPackageProductDependency;
			package = 8E01502E2AFCAF4300A2D1A0 /* XCRemoteSwiftPackageReference "firebase-ios-sdk" */;
			productName = "FirebaseFunctionsCombine-Community";
		};
		8E0150512AFCAF4300A2D1A0 /* FirebaseInAppMessaging-Beta */ = {
			isa = XCSwiftPackageProductDependency;
			package = 8E01502E2AFCAF4300A2D1A0 /* XCRemoteSwiftPackageReference "firebase-ios-sdk" */;
			productName = "FirebaseInAppMessaging-Beta";
		};
		8E0150532AFCAF4300A2D1A0 /* FirebaseInAppMessagingSwift-Beta */ = {
			isa = XCSwiftPackageProductDependency;
			package = 8E01502E2AFCAF4300A2D1A0 /* XCRemoteSwiftPackageReference "firebase-ios-sdk" */;
			productName = "FirebaseInAppMessagingSwift-Beta";
		};
		8E0150552AFCAF4300A2D1A0 /* FirebaseInstallations */ = {
			isa = XCSwiftPackageProductDependency;
			package = 8E01502E2AFCAF4300A2D1A0 /* XCRemoteSwiftPackageReference "firebase-ios-sdk" */;
			productName = FirebaseInstallations;
		};
		8E0150572AFCAF4300A2D1A0 /* FirebaseMLModelDownloader */ = {
			isa = XCSwiftPackageProductDependency;
			package = 8E01502E2AFCAF4300A2D1A0 /* XCRemoteSwiftPackageReference "firebase-ios-sdk" */;
			productName = FirebaseMLModelDownloader;
		};
		8E0150592AFCAF4300A2D1A0 /* FirebaseMessaging */ = {
			isa = XCSwiftPackageProductDependency;
			package = 8E01502E2AFCAF4300A2D1A0 /* XCRemoteSwiftPackageReference "firebase-ios-sdk" */;
			productName = FirebaseMessaging;
		};
		8E01505B2AFCAF4300A2D1A0 /* FirebasePerformance */ = {
			isa = XCSwiftPackageProductDependency;
			package = 8E01502E2AFCAF4300A2D1A0 /* XCRemoteSwiftPackageReference "firebase-ios-sdk" */;
			productName = FirebasePerformance;
		};
		8E01505D2AFCAF4300A2D1A0 /* FirebaseRemoteConfig */ = {
			isa = XCSwiftPackageProductDependency;
			package = 8E01502E2AFCAF4300A2D1A0 /* XCRemoteSwiftPackageReference "firebase-ios-sdk" */;
			productName = FirebaseRemoteConfig;
		};
		8E01505F2AFCAF4300A2D1A0 /* FirebaseRemoteConfigSwift */ = {
			isa = XCSwiftPackageProductDependency;
			package = 8E01502E2AFCAF4300A2D1A0 /* XCRemoteSwiftPackageReference "firebase-ios-sdk" */;
			productName = FirebaseRemoteConfigSwift;
		};
		8E0150612AFCAF4300A2D1A0 /* FirebaseStorage */ = {
			isa = XCSwiftPackageProductDependency;
			package = 8E01502E2AFCAF4300A2D1A0 /* XCRemoteSwiftPackageReference "firebase-ios-sdk" */;
			productName = FirebaseStorage;
		};
		8E0150632AFCAF4300A2D1A0 /* FirebaseStorageCombine-Community */ = {
			isa = XCSwiftPackageProductDependency;
			package = 8E01502E2AFCAF4300A2D1A0 /* XCRemoteSwiftPackageReference "firebase-ios-sdk" */;
			productName = "FirebaseStorageCombine-Community";
		};
/* End XCSwiftPackageProductDependency section */
	};
	rootObject = 8E014FD82AFA082200A2D1A0 /* Project object */;
}
